
Microsoft Visual Studio Solution File, Format Version 12.00
# Visual Studio Version 17
VisualStudioVersion = 17.5.33414.496
MinimumVisualStudioVersion = 10.0.40219.1
Project("{FAE04EC0-301F-11D3-BF4B-00C04F79EFBC}") = "Flags", "Flags.csproj", "{B67988D1-E339-41A7-84CC-A9A7A690BFEE}"
EndProject
Global
	GlobalSection(SolutionConfigurationPlatforms) = preSolution
		Debug|Any CPU = Debug|Any CPU
		Release|Any CPU = Release|Any CPU
	EndGlobalSection
	GlobalSection(ProjectConfigurationPlatforms) = postSolution
		{B67988D1-E339-41A7-84CC-A9A7A690BFEE}.Debug|Any CPU.ActiveCfg = Debug|Any CPU
		{B67988D1-E339-41A7-84CC-A9A7A690BFEE}.Debug|Any CPU.Build.0 = Debug|Any CPU
		{B67988D1-E339-41A7-84CC-A9A7A690BFEE}.Release|Any CPU.ActiveCfg = Release|Any CPU
		{B67988D1-E339-41A7-84CC-A9A7A690BFEE}.Release|Any CPU.Build.0 = Release|Any CPU
	EndGlobalSection
	GlobalSection(SolutionProperties) = preSolution
		HideSolutionNode = FALSE
	EndGlobalSection
	GlobalSection(ExtensibilityGlobals) = postSolution
		SolutionGuid = {76151048-6381-42AA-8EE4-0AD5FEEA9D68}
	EndGlobalSection
EndGlobal
